
Microsoft Visual Studio Solution File, Format Version 12.00
# Visual Studio Version 16
VisualStudioVersion = 16.0.29926.136
MinimumVisualStudioVersion = 10.0.40219.1
Project("{FAE04EC0-301F-11D3-BF4B-00C04F79EFBC}") = "WebApplication1", "WebApplication1\WebApplication1.csproj", "{8927400C-147D-4ACB-AE93-095DE30AE69B}"
EndProject
Global
	GlobalSection(SolutionConfigurationPlatforms) = preSolution
		Debug|Any CPU = Debug|Any CPU
		Release|Any CPU = Release|Any CPU
	EndGlobalSection
	GlobalSection(ProjectConfigurationPlatforms) = postSolution
		{8927400C-147D-4ACB-AE93-095DE30AE69B}.Debug|Any CPU.ActiveCfg = Debug|Any CPU
		{8927400C-147D-4ACB-AE93-095DE30AE69B}.Debug|Any CPU.Build.0 = Debug|Any CPU
		{8927400C-147D-4ACB-AE93-095DE30AE69B}.Release|Any CPU.ActiveCfg = Release|Any CPU
		{8927400C-147D-4ACB-AE93-095DE30AE69B}.Release|Any CPU.Build.0 = Release|Any CPU
	EndGlobalSection
	GlobalSection(SolutionProperties) = preSolution
		HideSolutionNode = FALSE
	EndGlobalSection
	GlobalSection(ExtensibilityGlobals) = postSolution
		SolutionGuid = {8B94A061-2A1F-4AE0-97D7-CB2C5B013777}
	EndGlobalSection
EndGlobal
